
Microsoft Visual Studio Solution File, Format Version 12.00
# Visual Studio Version 16
VisualStudioVersion = 16.0.31613.86
MinimumVisualStudioVersion = 10.0.40219.1
Project("{FAE04EC0-301F-11D3-BF4B-00C04F79EFBC}") = "Ecommerce", "Ecommerce\Ecommerce.csproj", "{3954BF4A-0681-47B0-BBAA-B20D079C99E8}"
EndProject
Global
	GlobalSection(SolutionConfigurationPlatforms) = preSolution
		Debug|Any CPU = Debug|Any CPU
		Release|Any CPU = Release|Any CPU
	EndGlobalSection
	GlobalSection(ProjectConfigurationPlatforms) = postSolution
		{3954BF4A-0681-47B0-BBAA-B20D079C99E8}.Debug|Any CPU.ActiveCfg = Debug|Any CPU
		{3954BF4A-0681-47B0-BBAA-B20D079C99E8}.Debug|Any CPU.Build.0 = Debug|Any CPU
		{3954BF4A-0681-47B0-BBAA-B20D079C99E8}.Release|Any CPU.ActiveCfg = Release|Any CPU
		{3954BF4A-0681-47B0-BBAA-B20D079C99E8}.Release|Any CPU.Build.0 = Release|Any CPU
	EndGlobalSection
	GlobalSection(SolutionProperties) = preSolution
		HideSolutionNode = FALSE
	EndGlobalSection
	GlobalSection(ExtensibilityGlobals) = postSolution
		SolutionGuid = {0C2F0FD5-2D0C-4029-93DE-4A2361DD55D1}
	EndGlobalSection
EndGlobal
